# THIS IS AN AUTOGENERATED FILE. DO NOT EDIT THIS FILE DIRECTLY.
# yarn lockfile v1


"@feathersjs/errors@^4.3.4":
  version "4.3.4"
  resolved "https://registry.yarnpkg.com/@feathersjs/errors/-/errors-4.3.4.tgz#8c2a9a64b9ae8e1bf8c173497258979dad1c4e6d"
  integrity sha512-x4QfpBbMHrsY7ktMxYDVfYsJf7YVjVOFWThwJ3LgKFC6WNu9YojRJmxRDGftWTQA2MalaJPmOAYCapdp50mwKw==
  dependencies:
    debug "^4.1.1"

debug@^4.1.1:
  version "4.1.1"
  resolved "https://registry.yarnpkg.com/debug/-/debug-4.1.1.tgz#3b72260255109c6b589cee050f1d516139664791"
  integrity sha512-pYAIzeRo8J6KPEaJ0VWOh5Pzkbw/RetuzehGM7QRRX5he4fPHx2rdKMB256ehJCkX+XRQm16eZLqLNS8RSZXZw==
  dependencies:
    ms "^2.1.1"

lodash.omit@^4.5.0:
  version "4.5.0"
  resolved "https://registry.yarnpkg.com/lodash.omit/-/lodash.omit-4.5.0.tgz#6eb19ae5a1ee1dd9df0b969e66ce0b7fa30b5e60"
  integrity sha1-brGa5aHuHdnfC5aeZs4Lf6MLXmA=

ms@^2.1.1:
  version "2.1.2"
  resolved "https://registry.yarnpkg.com/ms/-/ms-2.1.2.tgz#d09d1f357b443f493382a8eb3ccd183872ae6009"
  integrity sha512-sGkPx+VjMtmA6MX27oA4FBFELFCZZ4S4XqeGOXCv68tT+jb3vk/RyaKWP0PTKyWtmLSM0b+adUTEvbs1PEaH2w==
